
Microsoft Visual Studio Solution File, Format Version 12.00
# Visual Studio Version 17
VisualStudioVersion = 17.0.31903.59
MinimumVisualStudioVersion = 10.0.40219.1
Project("{2150E333-8FDC-42A3-9474-1A3956D46DE8}") = "Core", "Core", "{649A384F-36AE-432F-8AF5-D28674D77B7D}"
EndProject
Project("{FAE04EC0-301F-11D3-BF4B-00C04F79EFBC}") = "NetArgumentParser", "Core\NetArgumentParser\NetArgumentParser.csproj", "{2C140CC4-00C6-4017-8CB3-68B32CC7C058}"
EndProject
Project("{2150E333-8FDC-42A3-9474-1A3956D46DE8}") = "Tests", "Tests", "{DCD4DEB9-0ACD-4CA0-AAF6-A7298C908266}"
EndProject
Project("{FAE04EC0-301F-11D3-BF4B-00C04F79EFBC}") = "NetArgumentParser.Tests", "Tests\NetArgumentParser.Tests\NetArgumentParser.Tests.csproj", "{3AB4D374-88E7-4681-B9C7-2C3D57DF8DC8}"
EndProject
Project("{2150E333-8FDC-42A3-9474-1A3956D46DE8}") = "Examples", "Examples", "{5F8AF5AE-CF52-4ECE-92B8-EE6F7F401E98}"
EndProject
Project("{FAE04EC0-301F-11D3-BF4B-00C04F79EFBC}") = "NetArgumentParser.Examples.Simple", "Examples\NetArgumentParser.Examples.Simple\NetArgumentParser.Examples.Simple.csproj", "{540F9CC0-410A-48D4-B44E-8B3845C66F0B}"
EndProject
Project("{FAE04EC0-301F-11D3-BF4B-00C04F79EFBC}") = "NetArgumentParser.Examples.AllUseCases", "Examples\NetArgumentParser.Examples.AllUseCases\NetArgumentParser.Examples.AllUseCases.csproj", "{F56E27F2-A034-4268-BF1A-9D211648D999}"
EndProject
Project("{FAE04EC0-301F-11D3-BF4B-00C04F79EFBC}") = "NetArgumentParser.Examples.FurtherConfigureOption", "Examples\NetArgumentParser.Examples.FurtherConfigureOption\NetArgumentParser.Examples.FurtherConfigureOption.csproj", "{850C9444-F85A-46FA-AE65-734A9AED1A0B}"
EndProject
Project("{FAE04EC0-301F-11D3-BF4B-00C04F79EFBC}") = "NetArgumentParser.Examples.CustomConverter", "Examples\NetArgumentParser.Examples.CustomConverter\NetArgumentParser.Examples.CustomConverter.csproj", "{67AEF7CC-BDC4-43D0-8627-9C807502A6EE}"
EndProject
Project("{FAE04EC0-301F-11D3-BF4B-00C04F79EFBC}") = "NetArgumentParser.Examples.OptionalArguments", "Examples\NetArgumentParser.Examples.OptionalArguments\NetArgumentParser.Examples.OptionalArguments.csproj", "{3B17B627-D157-47C8-8F1A-4A768ADA0F74}"
EndProject
Project("{FAE04EC0-301F-11D3-BF4B-00C04F79EFBC}") = "NetArgumentParser.Examples.ParserGenerationUsingAttributes", "Examples\NetArgumentParser.Examples.ParserGenerationUsingAttributes\NetArgumentParser.Examples.ParserGenerationUsingAttributes.csproj", "{150103E0-BAED-4EB7-BB3A-7871D5E5EB22}"
EndProject
Project("{FAE04EC0-301F-11D3-BF4B-00C04F79EFBC}") = "NetArgumentParser.Examples.Subcommands", "Examples\NetArgumentParser.Examples.Subcommands\NetArgumentParser.Examples.Subcommands.csproj", "{A9379A83-FBDD-425F-8C4A-9EA60EC6D779}"
EndProject
Project("{FAE04EC0-301F-11D3-BF4B-00C04F79EFBC}") = "NetArgumentParser.Examples.PrintingHelp", "Examples\NetArgumentParser.Examples.PrintingHelp\NetArgumentParser.Examples.PrintingHelp.csproj", "{91681128-8B86-471D-82B4-2A7F0390569F}"
EndProject
Global
	GlobalSection(SolutionConfigurationPlatforms) = preSolution
		Debug|Any CPU = Debug|Any CPU
		Release|Any CPU = Release|Any CPU
	EndGlobalSection
	GlobalSection(SolutionProperties) = preSolution
		HideSolutionNode = FALSE
	EndGlobalSection
	GlobalSection(ProjectConfigurationPlatforms) = postSolution
		{2C140CC4-00C6-4017-8CB3-68B32CC7C058}.Debug|Any CPU.ActiveCfg = Debug|Any CPU
		{2C140CC4-00C6-4017-8CB3-68B32CC7C058}.Debug|Any CPU.Build.0 = Debug|Any CPU
		{2C140CC4-00C6-4017-8CB3-68B32CC7C058}.Release|Any CPU.ActiveCfg = Release|Any CPU
		{2C140CC4-00C6-4017-8CB3-68B32CC7C058}.Release|Any CPU.Build.0 = Release|Any CPU
		{3AB4D374-88E7-4681-B9C7-2C3D57DF8DC8}.Debug|Any CPU.ActiveCfg = Debug|Any CPU
		{3AB4D374-88E7-4681-B9C7-2C3D57DF8DC8}.Debug|Any CPU.Build.0 = Debug|Any CPU
		{3AB4D374-88E7-4681-B9C7-2C3D57DF8DC8}.Release|Any CPU.ActiveCfg = Release|Any CPU
		{3AB4D374-88E7-4681-B9C7-2C3D57DF8DC8}.Release|Any CPU.Build.0 = Release|Any CPU
		{540F9CC0-410A-48D4-B44E-8B3845C66F0B}.Debug|Any CPU.ActiveCfg = Debug|Any CPU
		{540F9CC0-410A-48D4-B44E-8B3845C66F0B}.Debug|Any CPU.Build.0 = Debug|Any CPU
		{540F9CC0-410A-48D4-B44E-8B3845C66F0B}.Release|Any CPU.ActiveCfg = Release|Any CPU
		{540F9CC0-410A-48D4-B44E-8B3845C66F0B}.Release|Any CPU.Build.0 = Release|Any CPU
		{F56E27F2-A034-4268-BF1A-9D211648D999}.Debug|Any CPU.ActiveCfg = Debug|Any CPU
		{F56E27F2-A034-4268-BF1A-9D211648D999}.Debug|Any CPU.Build.0 = Debug|Any CPU
		{F56E27F2-A034-4268-BF1A-9D211648D999}.Release|Any CPU.ActiveCfg = Release|Any CPU
		{F56E27F2-A034-4268-BF1A-9D211648D999}.Release|Any CPU.Build.0 = Release|Any CPU
		{850C9444-F85A-46FA-AE65-734A9AED1A0B}.Debug|Any CPU.ActiveCfg = Debug|Any CPU
		{850C9444-F85A-46FA-AE65-734A9AED1A0B}.Debug|Any CPU.Build.0 = Debug|Any CPU
		{850C9444-F85A-46FA-AE65-734A9AED1A0B}.Release|Any CPU.ActiveCfg = Release|Any CPU
		{850C9444-F85A-46FA-AE65-734A9AED1A0B}.Release|Any CPU.Build.0 = Release|Any CPU
		{67AEF7CC-BDC4-43D0-8627-9C807502A6EE}.Debug|Any CPU.ActiveCfg = Debug|Any CPU
		{67AEF7CC-BDC4-43D0-8627-9C807502A6EE}.Debug|Any CPU.Build.0 = Debug|Any CPU
		{67AEF7CC-BDC4-43D0-8627-9C807502A6EE}.Release|Any CPU.ActiveCfg = Release|Any CPU
		{67AEF7CC-BDC4-43D0-8627-9C807502A6EE}.Release|Any CPU.Build.0 = Release|Any CPU
		{3B17B627-D157-47C8-8F1A-4A768ADA0F74}.Debug|Any CPU.ActiveCfg = Debug|Any CPU
		{3B17B627-D157-47C8-8F1A-4A768ADA0F74}.Debug|Any CPU.Build.0 = Debug|Any CPU
		{3B17B627-D157-47C8-8F1A-4A768ADA0F74}.Release|Any CPU.ActiveCfg = Release|Any CPU
		{3B17B627-D157-47C8-8F1A-4A768ADA0F74}.Release|Any CPU.Build.0 = Release|Any CPU
		{150103E0-BAED-4EB7-BB3A-7871D5E5EB22}.Debug|Any CPU.ActiveCfg = Debug|Any CPU
		{150103E0-BAED-4EB7-BB3A-7871D5E5EB22}.Debug|Any CPU.Build.0 = Debug|Any CPU
		{150103E0-BAED-4EB7-BB3A-7871D5E5EB22}.Release|Any CPU.ActiveCfg = Release|Any CPU
		{150103E0-BAED-4EB7-BB3A-7871D5E5EB22}.Release|Any CPU.Build.0 = Release|Any CPU
		{A9379A83-FBDD-425F-8C4A-9EA60EC6D779}.Debug|Any CPU.ActiveCfg = Debug|Any CPU
		{A9379A83-FBDD-425F-8C4A-9EA60EC6D779}.Debug|Any CPU.Build.0 = Debug|Any CPU
		{A9379A83-FBDD-425F-8C4A-9EA60EC6D779}.Release|Any CPU.ActiveCfg = Release|Any CPU
		{A9379A83-FBDD-425F-8C4A-9EA60EC6D779}.Release|Any CPU.Build.0 = Release|Any CPU
		{91681128-8B86-471D-82B4-2A7F0390569F}.Debug|Any CPU.ActiveCfg = Debug|Any CPU
		{91681128-8B86-471D-82B4-2A7F0390569F}.Debug|Any CPU.Build.0 = Debug|Any CPU
		{91681128-8B86-471D-82B4-2A7F0390569F}.Release|Any CPU.ActiveCfg = Release|Any CPU
		{91681128-8B86-471D-82B4-2A7F0390569F}.Release|Any CPU.Build.0 = Release|Any CPU
	EndGlobalSection
	GlobalSection(NestedProjects) = preSolution
		{2C140CC4-00C6-4017-8CB3-68B32CC7C058} = {649A384F-36AE-432F-8AF5-D28674D77B7D}
		{3AB4D374-88E7-4681-B9C7-2C3D57DF8DC8} = {DCD4DEB9-0ACD-4CA0-AAF6-A7298C908266}
		{540F9CC0-410A-48D4-B44E-8B3845C66F0B} = {5F8AF5AE-CF52-4ECE-92B8-EE6F7F401E98}
		{F56E27F2-A034-4268-BF1A-9D211648D999} = {5F8AF5AE-CF52-4ECE-92B8-EE6F7F401E98}
		{850C9444-F85A-46FA-AE65-734A9AED1A0B} = {5F8AF5AE-CF52-4ECE-92B8-EE6F7F401E98}
		{67AEF7CC-BDC4-43D0-8627-9C807502A6EE} = {5F8AF5AE-CF52-4ECE-92B8-EE6F7F401E98}
		{3B17B627-D157-47C8-8F1A-4A768ADA0F74} = {5F8AF5AE-CF52-4ECE-92B8-EE6F7F401E98}
		{150103E0-BAED-4EB7-BB3A-7871D5E5EB22} = {5F8AF5AE-CF52-4ECE-92B8-EE6F7F401E98}
		{A9379A83-FBDD-425F-8C4A-9EA60EC6D779} = {5F8AF5AE-CF52-4ECE-92B8-EE6F7F401E98}
		{91681128-8B86-471D-82B4-2A7F0390569F} = {5F8AF5AE-CF52-4ECE-92B8-EE6F7F401E98}
	EndGlobalSection
EndGlobal
